# THIS IS AN AUTOGENERATED FILE. DO NOT EDIT THIS FILE DIRECTLY.
# yarn lockfile v1


lix@^15.3.4:
  version "15.3.4"
  resolved "https://registry.yarnpkg.com/lix/-/lix-15.3.4.tgz#a743000d0eebb92d4487ac14a17cfd6ecb5dec19"
  integrity sha512-sAu1qvzDu4p+Mr9+DIb9QuDUEQKrtR8TpdV6OtaMIgNJR8I+bWzFg7WrTn6UhrXLufA+rKxWNHDsnobuzRYh5Q==
